
Microsoft Visual Studio Solution File, Format Version 12.00
# Visual Studio Version 17
VisualStudioVersion = 17.9.34714.143
MinimumVisualStudioVersion = 10.0.40219.1
Project("{FAE04EC0-301F-11D3-BF4B-00C04F79EFBC}") = "task4", "task4\task4.csproj", "{EDE11D6C-185E-46B8-B945-4B8F6341332F}"
EndProject
Global
	GlobalSection(SolutionConfigurationPlatforms) = preSolution
		Debug|Any CPU = Debug|Any CPU
		Release|Any CPU = Release|Any CPU
	EndGlobalSection
	GlobalSection(ProjectConfigurationPlatforms) = postSolution
		{EDE11D6C-185E-46B8-B945-4B8F6341332F}.Debug|Any CPU.ActiveCfg = Debug|Any CPU
		{EDE11D6C-185E-46B8-B945-4B8F6341332F}.Debug|Any CPU.Build.0 = Debug|Any CPU
		{EDE11D6C-185E-46B8-B945-4B8F6341332F}.Release|Any CPU.ActiveCfg = Release|Any CPU
		{EDE11D6C-185E-46B8-B945-4B8F6341332F}.Release|Any CPU.Build.0 = Release|Any CPU
	EndGlobalSection
	GlobalSection(SolutionProperties) = preSolution
		HideSolutionNode = FALSE
	EndGlobalSection
	GlobalSection(ExtensibilityGlobals) = postSolution
		SolutionGuid = {D3A7A330-2B92-4721-9A82-33E5C43C6555}
	EndGlobalSection
EndGlobal
